
Microsoft Visual Studio Solution File, Format Version 12.00
# Visual Studio 15
VisualStudioVersion = 15.0.26430.13
MinimumVisualStudioVersion = 10.0.40219.1
Project("{8BC9CEB8-8B4A-11D0-8D11-00A0C91BC942}") = "chapter4", "chapter4\chapter4.vcxproj", "{C1AD0B9E-F7E0-4CC0-B459-C5558308B12A}"
EndProject
Project("{8BC9CEB8-8B4A-11D0-8D11-00A0C91BC942}") = "chapter4_4", "chapter4_4\chapter4_4.vcxproj", "{F8243139-CD42-471E-B3B4-BDA113DC7357}"
EndProject
Project("{8BC9CEB8-8B4A-11D0-8D11-00A0C91BC942}") = "chapter4_5", "chapter4_5\chapter4_5.vcxproj", "{C476141B-501B-49C4-AE44-DE92D33C1A29}"
EndProject
Global
	GlobalSection(SolutionConfigurationPlatforms) = preSolution
		Debug|x64 = Debug|x64
		Debug|x86 = Debug|x86
		Release|x64 = Release|x64
		Release|x86 = Release|x86
	EndGlobalSection
	GlobalSection(ProjectConfigurationPlatforms) = postSolution
		{C1AD0B9E-F7E0-4CC0-B459-C5558308B12A}.Debug|x64.ActiveCfg = Debug|x64
		{C1AD0B9E-F7E0-4CC0-B459-C5558308B12A}.Debug|x64.Build.0 = Debug|x64
		{C1AD0B9E-F7E0-4CC0-B459-C5558308B12A}.Debug|x86.ActiveCfg = Debug|Win32
		{C1AD0B9E-F7E0-4CC0-B459-C5558308B12A}.Debug|x86.Build.0 = Debug|Win32
		{C1AD0B9E-F7E0-4CC0-B459-C5558308B12A}.Release|x64.ActiveCfg = Release|x64
		{C1AD0B9E-F7E0-4CC0-B459-C5558308B12A}.Release|x64.Build.0 = Release|x64
		{C1AD0B9E-F7E0-4CC0-B459-C5558308B12A}.Release|x86.ActiveCfg = Release|Win32
		{C1AD0B9E-F7E0-4CC0-B459-C5558308B12A}.Release|x86.Build.0 = Release|Win32
		{F8243139-CD42-471E-B3B4-BDA113DC7357}.Debug|x64.ActiveCfg = Debug|x64
		{F8243139-CD42-471E-B3B4-BDA113DC7357}.Debug|x64.Build.0 = Debug|x64
		{F8243139-CD42-471E-B3B4-BDA113DC7357}.Debug|x86.ActiveCfg = Debug|Win32
		{F8243139-CD42-471E-B3B4-BDA113DC7357}.Debug|x86.Build.0 = Debug|Win32
		{F8243139-CD42-471E-B3B4-BDA113DC7357}.Release|x64.ActiveCfg = Release|x64
		{F8243139-CD42-471E-B3B4-BDA113DC7357}.Release|x64.Build.0 = Release|x64
		{F8243139-CD42-471E-B3B4-BDA113DC7357}.Release|x86.ActiveCfg = Release|Win32
		{F8243139-CD42-471E-B3B4-BDA113DC7357}.Release|x86.Build.0 = Release|Win32
		{C476141B-501B-49C4-AE44-DE92D33C1A29}.Debug|x64.ActiveCfg = Debug|x64
		{C476141B-501B-49C4-AE44-DE92D33C1A29}.Debug|x64.Build.0 = Debug|x64
		{C476141B-501B-49C4-AE44-DE92D33C1A29}.Debug|x86.ActiveCfg = Debug|Win32
		{C476141B-501B-49C4-AE44-DE92D33C1A29}.Debug|x86.Build.0 = Debug|Win32
		{C476141B-501B-49C4-AE44-DE92D33C1A29}.Release|x64.ActiveCfg = Release|x64
		{C476141B-501B-49C4-AE44-DE92D33C1A29}.Release|x64.Build.0 = Release|x64
		{C476141B-501B-49C4-AE44-DE92D33C1A29}.Release|x86.ActiveCfg = Release|Win32
		{C476141B-501B-49C4-AE44-DE92D33C1A29}.Release|x86.Build.0 = Release|Win32
	EndGlobalSection
	GlobalSection(SolutionProperties) = preSolution
		HideSolutionNode = FALSE
	EndGlobalSection
EndGlobal
